
Microsoft Visual Studio Solution File, Format Version 12.00
# Visual Studio Version 16
VisualStudioVersion = 16.0.31702.278
MinimumVisualStudioVersion = 10.0.40219.1
Project("{FAE04EC0-301F-11D3-BF4B-00C04F79EFBC}") = "Sentence-generator", "Sentence-generator\Sentence-generator.csproj", "{48A4F074-E720-443B-BE7A-6631A094F0FD}"
EndProject
Global
	GlobalSection(SolutionConfigurationPlatforms) = preSolution
		Debug|Any CPU = Debug|Any CPU
		Release|Any CPU = Release|Any CPU
	EndGlobalSection
	GlobalSection(ProjectConfigurationPlatforms) = postSolution
		{48A4F074-E720-443B-BE7A-6631A094F0FD}.Debug|Any CPU.ActiveCfg = Debug|Any CPU
		{48A4F074-E720-443B-BE7A-6631A094F0FD}.Debug|Any CPU.Build.0 = Debug|Any CPU
		{48A4F074-E720-443B-BE7A-6631A094F0FD}.Release|Any CPU.ActiveCfg = Release|Any CPU
		{48A4F074-E720-443B-BE7A-6631A094F0FD}.Release|Any CPU.Build.0 = Release|Any CPU
	EndGlobalSection
	GlobalSection(SolutionProperties) = preSolution
		HideSolutionNode = FALSE
	EndGlobalSection
	GlobalSection(ExtensibilityGlobals) = postSolution
		SolutionGuid = {07A2D198-21C3-48D6-8C9C-E2F1FBBDF046}
	EndGlobalSection
EndGlobal
